
Microsoft Visual Studio Solution File, Format Version 12.00
# Visual Studio Version 17
VisualStudioVersion = 17.3.32825.248
MinimumVisualStudioVersion = 10.0.40219.1
Project("{8BC9CEB8-8B4A-11D0-8D11-00A0C91BC942}") = "BOJ_21964", "BOJ_21964.vcxproj", "{B940C98A-6415-457F-99FC-58BC55AFAA75}"
EndProject
Global
	GlobalSection(SolutionConfigurationPlatforms) = preSolution
		Debug|x64 = Debug|x64
		Release|x64 = Release|x64
	EndGlobalSection
	GlobalSection(ProjectConfigurationPlatforms) = postSolution
		{B940C98A-6415-457F-99FC-58BC55AFAA75}.Debug|x64.ActiveCfg = Debug|x64
		{B940C98A-6415-457F-99FC-58BC55AFAA75}.Debug|x64.Build.0 = Debug|x64
		{B940C98A-6415-457F-99FC-58BC55AFAA75}.Release|x64.ActiveCfg = Release|x64
		{B940C98A-6415-457F-99FC-58BC55AFAA75}.Release|x64.Build.0 = Release|x64
	EndGlobalSection
	GlobalSection(SolutionProperties) = preSolution
		HideSolutionNode = FALSE
	EndGlobalSection
	GlobalSection(ExtensibilityGlobals) = postSolution
		SolutionGuid = {56063B4F-ABB6-4B23-A6E4-7E7F8B475027}
	EndGlobalSection
EndGlobal
